
Microsoft Visual Studio Solution File, Format Version 12.00
# Visual Studio Version 17
VisualStudioVersion = 17.10.34928.147
MinimumVisualStudioVersion = 10.0.40219.1
Project("{FAE04EC0-301F-11D3-BF4B-00C04F79EFBC}") = "Classes_AND_Objects", "Classes_AND_Objects\Classes_AND_Objects.csproj", "{5EFD4626-EB45-474C-BC5A-384ABA31E06F}"
EndProject
Global
	GlobalSection(SolutionConfigurationPlatforms) = preSolution
		Debug|Any CPU = Debug|Any CPU
		Release|Any CPU = Release|Any CPU
	EndGlobalSection
	GlobalSection(ProjectConfigurationPlatforms) = postSolution
		{5EFD4626-EB45-474C-BC5A-384ABA31E06F}.Debug|Any CPU.ActiveCfg = Debug|Any CPU
		{5EFD4626-EB45-474C-BC5A-384ABA31E06F}.Debug|Any CPU.Build.0 = Debug|Any CPU
		{5EFD4626-EB45-474C-BC5A-384ABA31E06F}.Release|Any CPU.ActiveCfg = Release|Any CPU
		{5EFD4626-EB45-474C-BC5A-384ABA31E06F}.Release|Any CPU.Build.0 = Release|Any CPU
	EndGlobalSection
	GlobalSection(SolutionProperties) = preSolution
		HideSolutionNode = FALSE
	EndGlobalSection
	GlobalSection(ExtensibilityGlobals) = postSolution
		SolutionGuid = {58FF5D92-6FE5-4663-99FF-3FB410C4EBA2}
	EndGlobalSection
EndGlobal
