
Microsoft Visual Studio Solution File, Format Version 12.00
# Visual Studio Version 17
VisualStudioVersion = 17.10.34928.147
MinimumVisualStudioVersion = 10.0.40219.1
Project("{FAE04EC0-301F-11D3-BF4B-00C04F79EFBC}") = "AsyncAwaitDemo", "AsyncAwaitDemo\AsyncAwaitDemo.csproj", "{C8BCC555-EB6E-462D-B1F0-0CCBF866C301}"
EndProject
Global
	GlobalSection(SolutionConfigurationPlatforms) = preSolution
		Debug|Any CPU = Debug|Any CPU
		Release|Any CPU = Release|Any CPU
	EndGlobalSection
	GlobalSection(ProjectConfigurationPlatforms) = postSolution
		{C8BCC555-EB6E-462D-B1F0-0CCBF866C301}.Debug|Any CPU.ActiveCfg = Debug|Any CPU
		{C8BCC555-EB6E-462D-B1F0-0CCBF866C301}.Debug|Any CPU.Build.0 = Debug|Any CPU
		{C8BCC555-EB6E-462D-B1F0-0CCBF866C301}.Release|Any CPU.ActiveCfg = Release|Any CPU
		{C8BCC555-EB6E-462D-B1F0-0CCBF866C301}.Release|Any CPU.Build.0 = Release|Any CPU
	EndGlobalSection
	GlobalSection(SolutionProperties) = preSolution
		HideSolutionNode = FALSE
	EndGlobalSection
	GlobalSection(ExtensibilityGlobals) = postSolution
		SolutionGuid = {67E5F8D5-3268-4837-8D43-0EA8E0D15399}
	EndGlobalSection
EndGlobal
